
Microsoft Visual Studio Solution File, Format Version 12.00
# Visual Studio Version 17
VisualStudioVersion = 17.13.35806.99 d17.13
MinimumVisualStudioVersion = 10.0.40219.1
Project("{FAE04EC0-301F-11D3-BF4B-00C04F79EFBC}") = "Ejercicio1", "Ejercicio1\Ejercicio1.csproj", "{B120E57D-7754-4465-B59B-67A4BE7FB725}"
EndProject
Global
	GlobalSection(SolutionConfigurationPlatforms) = preSolution
		Debug|Any CPU = Debug|Any CPU
		Release|Any CPU = Release|Any CPU
	EndGlobalSection
	GlobalSection(ProjectConfigurationPlatforms) = postSolution
		{B120E57D-7754-4465-B59B-67A4BE7FB725}.Debug|Any CPU.ActiveCfg = Debug|Any CPU
		{B120E57D-7754-4465-B59B-67A4BE7FB725}.Debug|Any CPU.Build.0 = Debug|Any CPU
		{B120E57D-7754-4465-B59B-67A4BE7FB725}.Release|Any CPU.ActiveCfg = Release|Any CPU
		{B120E57D-7754-4465-B59B-67A4BE7FB725}.Release|Any CPU.Build.0 = Release|Any CPU
	EndGlobalSection
	GlobalSection(SolutionProperties) = preSolution
		HideSolutionNode = FALSE
	EndGlobalSection
	GlobalSection(ExtensibilityGlobals) = postSolution
		SolutionGuid = {C1E03874-FBB5-43E1-ADC7-A328FBCB4469}
	EndGlobalSection
EndGlobal
